
Microsoft Visual Studio Solution File, Format Version 12.00
# Visual Studio 15
VisualStudioVersion = 15.0.28307.421
MinimumVisualStudioVersion = 10.0.40219.1
Project("{FAE04EC0-301F-11D3-BF4B-00C04F79EFBC}") = "Sistema", "Sistema\Sistema.csproj", "{98AC6715-CD5C-490A-80EB-D57301690BAA}"
EndProject
Global
	GlobalSection(SolutionConfigurationPlatforms) = preSolution
		Debug|Any CPU = Debug|Any CPU
		Release|Any CPU = Release|Any CPU
	EndGlobalSection
	GlobalSection(ProjectConfigurationPlatforms) = postSolution
		{98AC6715-CD5C-490A-80EB-D57301690BAA}.Debug|Any CPU.ActiveCfg = Debug|Any CPU
		{98AC6715-CD5C-490A-80EB-D57301690BAA}.Debug|Any CPU.Build.0 = Debug|Any CPU
		{98AC6715-CD5C-490A-80EB-D57301690BAA}.Release|Any CPU.ActiveCfg = Release|Any CPU
		{98AC6715-CD5C-490A-80EB-D57301690BAA}.Release|Any CPU.Build.0 = Release|Any CPU
	EndGlobalSection
	GlobalSection(SolutionProperties) = preSolution
		HideSolutionNode = FALSE
	EndGlobalSection
	GlobalSection(ExtensibilityGlobals) = postSolution
		SolutionGuid = {5102A9F2-5EDE-4B72-A395-A8FBB0EB821D}
	EndGlobalSection
EndGlobal
